
Microsoft Visual Studio Solution File, Format Version 12.00
Project("{FAE04EC0-301F-11D3-BF4B-00C04F79EFBC}") = "Futurum.Microsoft.Extensions.DependencyInjection", "src\Futurum.Microsoft.Extensions.DependencyInjection\Futurum.Microsoft.Extensions.DependencyInjection.csproj", "{6EAF9F7E-3728-450E-B53E-4B982F016023}"
EndProject
Project("{2150E333-8FDC-42A3-9474-1A3956D46DE8}") = "docs", "docs", "{F84A35F4-CDE6-4924-AB4A-C4F293464FB4}"
	ProjectSection(SolutionItems) = preProject
		README.md = README.md
		LICENSE = LICENSE
	EndProjectSection
EndProject
Project("{2150E333-8FDC-42A3-9474-1A3956D46DE8}") = "build", "build", "{D91E5AB1-D061-45D9-9D87-95B9DC57F3BE}"
	ProjectSection(SolutionItems) = preProject
		Directory.Build.props = src\Directory.Build.props
		ci.yml = .github\workflows\ci.yml
		release.yml = .github\workflows\release.yml
	EndProjectSection
EndProject
Project("{2150E333-8FDC-42A3-9474-1A3956D46DE8}") = "test", "test", "{3BC45DF0-972E-4400-80FC-442F6B3084CD}"
EndProject
Project("{FAE04EC0-301F-11D3-BF4B-00C04F79EFBC}") = "Futurum.Microsoft.Extensions.DependencyInjection.Tests", "test\Futurum.Microsoft.Extensions.DependencyInjection.Tests\Futurum.Microsoft.Extensions.DependencyInjection.Tests.csproj", "{CAF8E145-BD58-4000-96E4-51390C7407FF}"
EndProject
Project("{2150E333-8FDC-42A3-9474-1A3956D46DE8}") = "sample", "sample", "{D89EB769-9F2C-443F-9821-012D173DA16A}"
EndProject
Project("{FAE04EC0-301F-11D3-BF4B-00C04F79EFBC}") = "Futurum.Microsoft.Extensions.DependencyInjection.Sample", "sample\Futurum.Microsoft.Extensions.DependencyInjection.Sample\Futurum.Microsoft.Extensions.DependencyInjection.Sample.csproj", "{062C6431-11B5-4927-90F4-FB928C59CE24}"
EndProject
Project("{FAE04EC0-301F-11D3-BF4B-00C04F79EFBC}") = "Futurum.Microsoft.Extensions.DependencyInjection.Generator", "src\Futurum.Microsoft.Extensions.DependencyInjection.Generator\Futurum.Microsoft.Extensions.DependencyInjection.Generator.csproj", "{8D3BB258-2AE3-42D8-8FCA-53CB08EFBC66}"
EndProject
Project("{FAE04EC0-301F-11D3-BF4B-00C04F79EFBC}") = "Futurum.Microsoft.Extensions.DependencyInjection.Generator.Sample", "sample\Futurum.Microsoft.Extensions.DependencyInjection.Generator.Sample\Futurum.Microsoft.Extensions.DependencyInjection.Generator.Sample.csproj", "{0A9F5652-EF5A-45AD-86A9-29702F426944}"
EndProject
Project("{FAE04EC0-301F-11D3-BF4B-00C04F79EFBC}") = "Futurum.Microsoft.Extensions.DependencyInjection.Generator.Writer.Tests", "test\Futurum.Microsoft.Extensions.DependencyInjection.Generator.Writer.Tests\Futurum.Microsoft.Extensions.DependencyInjection.Generator.Writer.Tests.csproj", "{45B99B38-E5F5-47FF-88AE-BC48E7EA2616}"
EndProject
Project("{FAE04EC0-301F-11D3-BF4B-00C04F79EFBC}") = "Futurum.Microsoft.Extensions.DependencyInjection.Generator.Tests", "test\Futurum.Microsoft.Extensions.DependencyInjection.Generator.Tests\Futurum.Microsoft.Extensions.DependencyInjection.Generator.Tests.csproj", "{818C514E-CF55-4013-861E-85C5F919C4B7}"
EndProject
Global
	GlobalSection(SolutionConfigurationPlatforms) = preSolution
		Debug|Any CPU = Debug|Any CPU
		Release|Any CPU = Release|Any CPU
	EndGlobalSection
	GlobalSection(ProjectConfigurationPlatforms) = postSolution
		{6EAF9F7E-3728-450E-B53E-4B982F016023}.Debug|Any CPU.ActiveCfg = Debug|Any CPU
		{6EAF9F7E-3728-450E-B53E-4B982F016023}.Debug|Any CPU.Build.0 = Debug|Any CPU
		{6EAF9F7E-3728-450E-B53E-4B982F016023}.Release|Any CPU.ActiveCfg = Release|Any CPU
		{6EAF9F7E-3728-450E-B53E-4B982F016023}.Release|Any CPU.Build.0 = Release|Any CPU
		{CAF8E145-BD58-4000-96E4-51390C7407FF}.Debug|Any CPU.ActiveCfg = Debug|Any CPU
		{CAF8E145-BD58-4000-96E4-51390C7407FF}.Debug|Any CPU.Build.0 = Debug|Any CPU
		{CAF8E145-BD58-4000-96E4-51390C7407FF}.Release|Any CPU.ActiveCfg = Release|Any CPU
		{CAF8E145-BD58-4000-96E4-51390C7407FF}.Release|Any CPU.Build.0 = Release|Any CPU
		{062C6431-11B5-4927-90F4-FB928C59CE24}.Debug|Any CPU.ActiveCfg = Debug|Any CPU
		{062C6431-11B5-4927-90F4-FB928C59CE24}.Debug|Any CPU.Build.0 = Debug|Any CPU
		{062C6431-11B5-4927-90F4-FB928C59CE24}.Release|Any CPU.ActiveCfg = Release|Any CPU
		{062C6431-11B5-4927-90F4-FB928C59CE24}.Release|Any CPU.Build.0 = Release|Any CPU
		{8D3BB258-2AE3-42D8-8FCA-53CB08EFBC66}.Debug|Any CPU.ActiveCfg = Debug|Any CPU
		{8D3BB258-2AE3-42D8-8FCA-53CB08EFBC66}.Debug|Any CPU.Build.0 = Debug|Any CPU
		{8D3BB258-2AE3-42D8-8FCA-53CB08EFBC66}.Release|Any CPU.ActiveCfg = Release|Any CPU
		{8D3BB258-2AE3-42D8-8FCA-53CB08EFBC66}.Release|Any CPU.Build.0 = Release|Any CPU
		{0A9F5652-EF5A-45AD-86A9-29702F426944}.Debug|Any CPU.ActiveCfg = Debug|Any CPU
		{0A9F5652-EF5A-45AD-86A9-29702F426944}.Debug|Any CPU.Build.0 = Debug|Any CPU
		{0A9F5652-EF5A-45AD-86A9-29702F426944}.Release|Any CPU.ActiveCfg = Release|Any CPU
		{0A9F5652-EF5A-45AD-86A9-29702F426944}.Release|Any CPU.Build.0 = Release|Any CPU
		{45B99B38-E5F5-47FF-88AE-BC48E7EA2616}.Debug|Any CPU.ActiveCfg = Debug|Any CPU
		{45B99B38-E5F5-47FF-88AE-BC48E7EA2616}.Debug|Any CPU.Build.0 = Debug|Any CPU
		{45B99B38-E5F5-47FF-88AE-BC48E7EA2616}.Release|Any CPU.ActiveCfg = Release|Any CPU
		{45B99B38-E5F5-47FF-88AE-BC48E7EA2616}.Release|Any CPU.Build.0 = Release|Any CPU
		{818C514E-CF55-4013-861E-85C5F919C4B7}.Debug|Any CPU.ActiveCfg = Debug|Any CPU
		{818C514E-CF55-4013-861E-85C5F919C4B7}.Debug|Any CPU.Build.0 = Debug|Any CPU
		{818C514E-CF55-4013-861E-85C5F919C4B7}.Release|Any CPU.ActiveCfg = Release|Any CPU
		{818C514E-CF55-4013-861E-85C5F919C4B7}.Release|Any CPU.Build.0 = Release|Any CPU
	EndGlobalSection
	GlobalSection(NestedProjects) = preSolution
		{CAF8E145-BD58-4000-96E4-51390C7407FF} = {3BC45DF0-972E-4400-80FC-442F6B3084CD}
		{062C6431-11B5-4927-90F4-FB928C59CE24} = {D89EB769-9F2C-443F-9821-012D173DA16A}
		{0A9F5652-EF5A-45AD-86A9-29702F426944} = {D89EB769-9F2C-443F-9821-012D173DA16A}
		{45B99B38-E5F5-47FF-88AE-BC48E7EA2616} = {3BC45DF0-972E-4400-80FC-442F6B3084CD}
		{818C514E-CF55-4013-861E-85C5F919C4B7} = {3BC45DF0-972E-4400-80FC-442F6B3084CD}
	EndGlobalSection
EndGlobal
